
Microsoft Visual Studio Solution File, Format Version 12.00
# Visual Studio 2013
VisualStudioVersion = 12.0.30723.0
MinimumVisualStudioVersion = 10.0.40219.1
Project("{FAE04EC0-301F-11D3-BF4B-00C04F79EFBC}") = "GerberdFor", "GerberdFor\GerberdFor.csproj", "{234CE594-9824-49EB-8C66-1543D6069A03}"
EndProject
Project("{FAE04EC0-301F-11D3-BF4B-00C04F79EFBC}") = "HomePraktika", "HomePraktika\HomePraktika.csproj", "{DD90EB48-F964-4818-A886-176BFB51EE46}"
EndProject
Project("{FAE04EC0-301F-11D3-BF4B-00C04F79EFBC}") = "GerberdClass", "GerberdClass\GerberdClass.csproj", "{96A7B21E-0F4F-4906-BE2D-07A2CF165EBE}"
EndProject
Project("{FAE04EC0-301F-11D3-BF4B-00C04F79EFBC}") = "GerberdForParams", "GerberdForParams\GerberdForParams.csproj", "{E3210D4B-78C2-431E-9D58-B7FD66A3C207}"
EndProject
Project("{FAE04EC0-301F-11D3-BF4B-00C04F79EFBC}") = "Triangle", "Triangle\Triangle.csproj", "{CE4D25A4-33C0-4F3D-A9FA-796FADFFFC24}"
EndProject
Project("{FAE04EC0-301F-11D3-BF4B-00C04F79EFBC}") = "Ink Pad", "Ink Pad\Ink Pad.csproj", "{6395A743-DE40-4FD1-A48C-EE72ACB13552}"
EndProject
Project("{FAE04EC0-301F-11D3-BF4B-00C04F79EFBC}") = "20Words", "20Words\20Words.csproj", "{759D63B6-A055-4B63-ADFF-44CF879BCC6F}"
EndProject
Global
	GlobalSection(SolutionConfigurationPlatforms) = preSolution
		Debug|Any CPU = Debug|Any CPU
		Release|Any CPU = Release|Any CPU
	EndGlobalSection
	GlobalSection(ProjectConfigurationPlatforms) = postSolution
		{234CE594-9824-49EB-8C66-1543D6069A03}.Debug|Any CPU.ActiveCfg = Debug|Any CPU
		{234CE594-9824-49EB-8C66-1543D6069A03}.Debug|Any CPU.Build.0 = Debug|Any CPU
		{234CE594-9824-49EB-8C66-1543D6069A03}.Release|Any CPU.ActiveCfg = Release|Any CPU
		{234CE594-9824-49EB-8C66-1543D6069A03}.Release|Any CPU.Build.0 = Release|Any CPU
		{DD90EB48-F964-4818-A886-176BFB51EE46}.Debug|Any CPU.ActiveCfg = Debug|Any CPU
		{DD90EB48-F964-4818-A886-176BFB51EE46}.Debug|Any CPU.Build.0 = Debug|Any CPU
		{DD90EB48-F964-4818-A886-176BFB51EE46}.Release|Any CPU.ActiveCfg = Release|Any CPU
		{DD90EB48-F964-4818-A886-176BFB51EE46}.Release|Any CPU.Build.0 = Release|Any CPU
		{96A7B21E-0F4F-4906-BE2D-07A2CF165EBE}.Debug|Any CPU.ActiveCfg = Debug|Any CPU
		{96A7B21E-0F4F-4906-BE2D-07A2CF165EBE}.Debug|Any CPU.Build.0 = Debug|Any CPU
		{96A7B21E-0F4F-4906-BE2D-07A2CF165EBE}.Release|Any CPU.ActiveCfg = Release|Any CPU
		{96A7B21E-0F4F-4906-BE2D-07A2CF165EBE}.Release|Any CPU.Build.0 = Release|Any CPU
		{E3210D4B-78C2-431E-9D58-B7FD66A3C207}.Debug|Any CPU.ActiveCfg = Debug|Any CPU
		{E3210D4B-78C2-431E-9D58-B7FD66A3C207}.Debug|Any CPU.Build.0 = Debug|Any CPU
		{E3210D4B-78C2-431E-9D58-B7FD66A3C207}.Release|Any CPU.ActiveCfg = Release|Any CPU
		{E3210D4B-78C2-431E-9D58-B7FD66A3C207}.Release|Any CPU.Build.0 = Release|Any CPU
		{CE4D25A4-33C0-4F3D-A9FA-796FADFFFC24}.Debug|Any CPU.ActiveCfg = Debug|Any CPU
		{CE4D25A4-33C0-4F3D-A9FA-796FADFFFC24}.Debug|Any CPU.Build.0 = Debug|Any CPU
		{CE4D25A4-33C0-4F3D-A9FA-796FADFFFC24}.Release|Any CPU.ActiveCfg = Release|Any CPU
		{CE4D25A4-33C0-4F3D-A9FA-796FADFFFC24}.Release|Any CPU.Build.0 = Release|Any CPU
		{6395A743-DE40-4FD1-A48C-EE72ACB13552}.Debug|Any CPU.ActiveCfg = Debug|Any CPU
		{6395A743-DE40-4FD1-A48C-EE72ACB13552}.Debug|Any CPU.Build.0 = Debug|Any CPU
		{6395A743-DE40-4FD1-A48C-EE72ACB13552}.Release|Any CPU.ActiveCfg = Release|Any CPU
		{6395A743-DE40-4FD1-A48C-EE72ACB13552}.Release|Any CPU.Build.0 = Release|Any CPU
		{759D63B6-A055-4B63-ADFF-44CF879BCC6F}.Debug|Any CPU.ActiveCfg = Debug|Any CPU
		{759D63B6-A055-4B63-ADFF-44CF879BCC6F}.Debug|Any CPU.Build.0 = Debug|Any CPU
		{759D63B6-A055-4B63-ADFF-44CF879BCC6F}.Release|Any CPU.ActiveCfg = Release|Any CPU
		{759D63B6-A055-4B63-ADFF-44CF879BCC6F}.Release|Any CPU.Build.0 = Release|Any CPU
	EndGlobalSection
	GlobalSection(SolutionProperties) = preSolution
		HideSolutionNode = FALSE
	EndGlobalSection
EndGlobal
