
Microsoft Visual Studio Solution File, Format Version 12.00
# Visual Studio 2013
VisualStudioVersion = 12.0.21005.1
MinimumVisualStudioVersion = 10.0.40219.1
Project("{FAE04EC0-301F-11D3-BF4B-00C04F79EFBC}") = "Lesson1", "Lesson1\Lesson1.csproj", "{02D0814C-BDA1-4AE9-B401-A883885DB2C4}"
EndProject
Project("{FAE04EC0-301F-11D3-BF4B-00C04F79EFBC}") = "Lesson2", "Lesson2\Lesson2.csproj", "{29A36F68-1C14-47A7-B99C-A7A39C318F85}"
EndProject
Project("{FAE04EC0-301F-11D3-BF4B-00C04F79EFBC}") = "Lesson3", "Lesson3\Lesson3.csproj", "{BBEA6133-44A0-45D0-8D9B-6D5C972E37C9}"
EndProject
Project("{FAE04EC0-301F-11D3-BF4B-00C04F79EFBC}") = "Lesson5", "Lesson4\Lesson5.csproj", "{BD7B3335-6FEA-4FFF-A3C2-DC98B2E953EB}"
EndProject
Project("{FAE04EC0-301F-11D3-BF4B-00C04F79EFBC}") = "Lesson6", "Lesson6\Lesson6.csproj", "{F4F226E8-A41B-49CB-9B10-E3F120FC5AA8}"
EndProject
Project("{FAE04EC0-301F-11D3-BF4B-00C04F79EFBC}") = "Lesson7", "Lesson7\Lesson7.csproj", "{D14570D1-AD30-4F63-BEDF-1DBF5E80747A}"
EndProject
Project("{FAE04EC0-301F-11D3-BF4B-00C04F79EFBC}") = "WorkersLibrary", "WorkersLibrary\WorkersLibrary.csproj", "{9FCB0B8A-A720-43DB-B945-05E3C9EF009E}"
EndProject
Project("{FAE04EC0-301F-11D3-BF4B-00C04F79EFBC}") = "Lesson8", "Lesson8\Lesson8.csproj", "{BC0CDD6E-1EBA-494E-A61F-9774A29CF35C}"
EndProject
Project("{FAE04EC0-301F-11D3-BF4B-00C04F79EFBC}") = "Lesson8_Delegates", "Lesson8_Delegates\Lesson8_Delegates.csproj", "{800B68D1-8C9C-4C3B-8368-605C97D74747}"
EndProject
Project("{FAE04EC0-301F-11D3-BF4B-00C04F79EFBC}") = "Lesson9", "Lesson9\Lesson9.csproj", "{9EA0896F-5E7E-40E2-8225-ABF24BCA4740}"
EndProject
Project("{FAE04EC0-301F-11D3-BF4B-00C04F79EFBC}") = "ShowOneThread", "ShowOneThread\ShowOneThread.csproj", "{8EEFB229-571B-40B0-B3F0-618F0C899DBF}"
EndProject
Project("{FAE04EC0-301F-11D3-BF4B-00C04F79EFBC}") = "Lesson9_types", "Lesson9_types\Lesson9_types.csproj", "{CE6AC4CB-30DA-4ACC-8CC4-AD26CD52B761}"
EndProject
Project("{FAE04EC0-301F-11D3-BF4B-00C04F79EFBC}") = "Lesson10_Threads", "Lesson10_Threads\Lesson10_Threads.csproj", "{0DA35018-621D-4B91-85A7-D46B9201F0A8}"
EndProject
Project("{FAE04EC0-301F-11D3-BF4B-00C04F79EFBC}") = "Lesson10_calc", "Lesson10_calc\Lesson10_calc.csproj", "{F6779C1C-FB0D-449F-8683-0788ADEB5675}"
EndProject
Project("{FAE04EC0-301F-11D3-BF4B-00C04F79EFBC}") = "Lesson10_Ser", "Lesson10_Ser\Lesson10_Ser.csproj", "{C71029A5-2643-4BE1-9781-C43566AEDF5B}"
EndProject
Project("{FAE04EC0-301F-11D3-BF4B-00C04F79EFBC}") = "Lesson11_Web", "Lesson11_Web\Lesson11_Web.csproj", "{C7E37A89-B662-403C-97D6-AFA3012A2C2A}"
EndProject
Project("{FAE04EC0-301F-11D3-BF4B-00C04F79EFBC}") = "WorkerEditor", "WorkerEditor\WorkerEditor.csproj", "{2E278758-FDCC-463F-B0A6-0F6737229647}"
EndProject
Global
	GlobalSection(SolutionConfigurationPlatforms) = preSolution
		Debug|Any CPU = Debug|Any CPU
		Release|Any CPU = Release|Any CPU
		Trial|Any CPU = Trial|Any CPU
	EndGlobalSection
	GlobalSection(ProjectConfigurationPlatforms) = postSolution
		{02D0814C-BDA1-4AE9-B401-A883885DB2C4}.Debug|Any CPU.ActiveCfg = Debug|Any CPU
		{02D0814C-BDA1-4AE9-B401-A883885DB2C4}.Debug|Any CPU.Build.0 = Debug|Any CPU
		{02D0814C-BDA1-4AE9-B401-A883885DB2C4}.Release|Any CPU.ActiveCfg = Release|Any CPU
		{02D0814C-BDA1-4AE9-B401-A883885DB2C4}.Release|Any CPU.Build.0 = Release|Any CPU
		{02D0814C-BDA1-4AE9-B401-A883885DB2C4}.Trial|Any CPU.ActiveCfg = Trial|Any CPU
		{02D0814C-BDA1-4AE9-B401-A883885DB2C4}.Trial|Any CPU.Build.0 = Trial|Any CPU
		{29A36F68-1C14-47A7-B99C-A7A39C318F85}.Debug|Any CPU.ActiveCfg = Debug|Any CPU
		{29A36F68-1C14-47A7-B99C-A7A39C318F85}.Debug|Any CPU.Build.0 = Debug|Any CPU
		{29A36F68-1C14-47A7-B99C-A7A39C318F85}.Release|Any CPU.ActiveCfg = Release|Any CPU
		{29A36F68-1C14-47A7-B99C-A7A39C318F85}.Release|Any CPU.Build.0 = Release|Any CPU
		{29A36F68-1C14-47A7-B99C-A7A39C318F85}.Trial|Any CPU.ActiveCfg = Trial|Any CPU
		{29A36F68-1C14-47A7-B99C-A7A39C318F85}.Trial|Any CPU.Build.0 = Trial|Any CPU
		{BBEA6133-44A0-45D0-8D9B-6D5C972E37C9}.Debug|Any CPU.ActiveCfg = Debug|Any CPU
		{BBEA6133-44A0-45D0-8D9B-6D5C972E37C9}.Debug|Any CPU.Build.0 = Debug|Any CPU
		{BBEA6133-44A0-45D0-8D9B-6D5C972E37C9}.Release|Any CPU.ActiveCfg = Release|Any CPU
		{BBEA6133-44A0-45D0-8D9B-6D5C972E37C9}.Release|Any CPU.Build.0 = Release|Any CPU
		{BBEA6133-44A0-45D0-8D9B-6D5C972E37C9}.Trial|Any CPU.ActiveCfg = Trial|Any CPU
		{BBEA6133-44A0-45D0-8D9B-6D5C972E37C9}.Trial|Any CPU.Build.0 = Trial|Any CPU
		{BD7B3335-6FEA-4FFF-A3C2-DC98B2E953EB}.Debug|Any CPU.ActiveCfg = Debug|Any CPU
		{BD7B3335-6FEA-4FFF-A3C2-DC98B2E953EB}.Debug|Any CPU.Build.0 = Debug|Any CPU
		{BD7B3335-6FEA-4FFF-A3C2-DC98B2E953EB}.Release|Any CPU.ActiveCfg = Release|Any CPU
		{BD7B3335-6FEA-4FFF-A3C2-DC98B2E953EB}.Release|Any CPU.Build.0 = Release|Any CPU
		{BD7B3335-6FEA-4FFF-A3C2-DC98B2E953EB}.Trial|Any CPU.ActiveCfg = Trial|Any CPU
		{BD7B3335-6FEA-4FFF-A3C2-DC98B2E953EB}.Trial|Any CPU.Build.0 = Trial|Any CPU
		{F4F226E8-A41B-49CB-9B10-E3F120FC5AA8}.Debug|Any CPU.ActiveCfg = Debug|Any CPU
		{F4F226E8-A41B-49CB-9B10-E3F120FC5AA8}.Debug|Any CPU.Build.0 = Debug|Any CPU
		{F4F226E8-A41B-49CB-9B10-E3F120FC5AA8}.Release|Any CPU.ActiveCfg = Release|Any CPU
		{F4F226E8-A41B-49CB-9B10-E3F120FC5AA8}.Release|Any CPU.Build.0 = Release|Any CPU
		{F4F226E8-A41B-49CB-9B10-E3F120FC5AA8}.Trial|Any CPU.ActiveCfg = Trial|Any CPU
		{F4F226E8-A41B-49CB-9B10-E3F120FC5AA8}.Trial|Any CPU.Build.0 = Trial|Any CPU
		{D14570D1-AD30-4F63-BEDF-1DBF5E80747A}.Debug|Any CPU.ActiveCfg = Debug|Any CPU
		{D14570D1-AD30-4F63-BEDF-1DBF5E80747A}.Debug|Any CPU.Build.0 = Debug|Any CPU
		{D14570D1-AD30-4F63-BEDF-1DBF5E80747A}.Release|Any CPU.ActiveCfg = Release|Any CPU
		{D14570D1-AD30-4F63-BEDF-1DBF5E80747A}.Release|Any CPU.Build.0 = Release|Any CPU
		{D14570D1-AD30-4F63-BEDF-1DBF5E80747A}.Trial|Any CPU.ActiveCfg = Trial|Any CPU
		{D14570D1-AD30-4F63-BEDF-1DBF5E80747A}.Trial|Any CPU.Build.0 = Trial|Any CPU
		{9FCB0B8A-A720-43DB-B945-05E3C9EF009E}.Debug|Any CPU.ActiveCfg = Debug|Any CPU
		{9FCB0B8A-A720-43DB-B945-05E3C9EF009E}.Debug|Any CPU.Build.0 = Debug|Any CPU
		{9FCB0B8A-A720-43DB-B945-05E3C9EF009E}.Release|Any CPU.ActiveCfg = Release|Any CPU
		{9FCB0B8A-A720-43DB-B945-05E3C9EF009E}.Release|Any CPU.Build.0 = Release|Any CPU
		{9FCB0B8A-A720-43DB-B945-05E3C9EF009E}.Trial|Any CPU.ActiveCfg = Trial|Any CPU
		{9FCB0B8A-A720-43DB-B945-05E3C9EF009E}.Trial|Any CPU.Build.0 = Trial|Any CPU
		{BC0CDD6E-1EBA-494E-A61F-9774A29CF35C}.Debug|Any CPU.ActiveCfg = Debug|Any CPU
		{BC0CDD6E-1EBA-494E-A61F-9774A29CF35C}.Debug|Any CPU.Build.0 = Debug|Any CPU
		{BC0CDD6E-1EBA-494E-A61F-9774A29CF35C}.Release|Any CPU.ActiveCfg = Release|Any CPU
		{BC0CDD6E-1EBA-494E-A61F-9774A29CF35C}.Release|Any CPU.Build.0 = Release|Any CPU
		{BC0CDD6E-1EBA-494E-A61F-9774A29CF35C}.Trial|Any CPU.ActiveCfg = Trial|Any CPU
		{BC0CDD6E-1EBA-494E-A61F-9774A29CF35C}.Trial|Any CPU.Build.0 = Trial|Any CPU
		{800B68D1-8C9C-4C3B-8368-605C97D74747}.Debug|Any CPU.ActiveCfg = Debug|Any CPU
		{800B68D1-8C9C-4C3B-8368-605C97D74747}.Debug|Any CPU.Build.0 = Debug|Any CPU
		{800B68D1-8C9C-4C3B-8368-605C97D74747}.Release|Any CPU.ActiveCfg = Release|Any CPU
		{800B68D1-8C9C-4C3B-8368-605C97D74747}.Release|Any CPU.Build.0 = Release|Any CPU
		{800B68D1-8C9C-4C3B-8368-605C97D74747}.Trial|Any CPU.ActiveCfg = Trial|Any CPU
		{800B68D1-8C9C-4C3B-8368-605C97D74747}.Trial|Any CPU.Build.0 = Trial|Any CPU
		{9EA0896F-5E7E-40E2-8225-ABF24BCA4740}.Debug|Any CPU.ActiveCfg = Debug|Any CPU
		{9EA0896F-5E7E-40E2-8225-ABF24BCA4740}.Debug|Any CPU.Build.0 = Debug|Any CPU
		{9EA0896F-5E7E-40E2-8225-ABF24BCA4740}.Release|Any CPU.ActiveCfg = Release|Any CPU
		{9EA0896F-5E7E-40E2-8225-ABF24BCA4740}.Release|Any CPU.Build.0 = Release|Any CPU
		{9EA0896F-5E7E-40E2-8225-ABF24BCA4740}.Trial|Any CPU.ActiveCfg = Trial|Any CPU
		{9EA0896F-5E7E-40E2-8225-ABF24BCA4740}.Trial|Any CPU.Build.0 = Trial|Any CPU
		{8EEFB229-571B-40B0-B3F0-618F0C899DBF}.Debug|Any CPU.ActiveCfg = Debug|Any CPU
		{8EEFB229-571B-40B0-B3F0-618F0C899DBF}.Debug|Any CPU.Build.0 = Debug|Any CPU
		{8EEFB229-571B-40B0-B3F0-618F0C899DBF}.Release|Any CPU.ActiveCfg = Release|Any CPU
		{8EEFB229-571B-40B0-B3F0-618F0C899DBF}.Release|Any CPU.Build.0 = Release|Any CPU
		{8EEFB229-571B-40B0-B3F0-618F0C899DBF}.Trial|Any CPU.ActiveCfg = Trial|Any CPU
		{8EEFB229-571B-40B0-B3F0-618F0C899DBF}.Trial|Any CPU.Build.0 = Trial|Any CPU
		{CE6AC4CB-30DA-4ACC-8CC4-AD26CD52B761}.Debug|Any CPU.ActiveCfg = Debug|Any CPU
		{CE6AC4CB-30DA-4ACC-8CC4-AD26CD52B761}.Debug|Any CPU.Build.0 = Debug|Any CPU
		{CE6AC4CB-30DA-4ACC-8CC4-AD26CD52B761}.Release|Any CPU.ActiveCfg = Release|Any CPU
		{CE6AC4CB-30DA-4ACC-8CC4-AD26CD52B761}.Release|Any CPU.Build.0 = Release|Any CPU
		{CE6AC4CB-30DA-4ACC-8CC4-AD26CD52B761}.Trial|Any CPU.ActiveCfg = Trial|Any CPU
		{CE6AC4CB-30DA-4ACC-8CC4-AD26CD52B761}.Trial|Any CPU.Build.0 = Trial|Any CPU
		{0DA35018-621D-4B91-85A7-D46B9201F0A8}.Debug|Any CPU.ActiveCfg = Debug|Any CPU
		{0DA35018-621D-4B91-85A7-D46B9201F0A8}.Debug|Any CPU.Build.0 = Debug|Any CPU
		{0DA35018-621D-4B91-85A7-D46B9201F0A8}.Release|Any CPU.ActiveCfg = Release|Any CPU
		{0DA35018-621D-4B91-85A7-D46B9201F0A8}.Release|Any CPU.Build.0 = Release|Any CPU
		{0DA35018-621D-4B91-85A7-D46B9201F0A8}.Trial|Any CPU.ActiveCfg = Trial|Any CPU
		{0DA35018-621D-4B91-85A7-D46B9201F0A8}.Trial|Any CPU.Build.0 = Trial|Any CPU
		{F6779C1C-FB0D-449F-8683-0788ADEB5675}.Debug|Any CPU.ActiveCfg = Debug|Any CPU
		{F6779C1C-FB0D-449F-8683-0788ADEB5675}.Debug|Any CPU.Build.0 = Debug|Any CPU
		{F6779C1C-FB0D-449F-8683-0788ADEB5675}.Release|Any CPU.ActiveCfg = Release|Any CPU
		{F6779C1C-FB0D-449F-8683-0788ADEB5675}.Release|Any CPU.Build.0 = Release|Any CPU
		{F6779C1C-FB0D-449F-8683-0788ADEB5675}.Trial|Any CPU.ActiveCfg = Trial|Any CPU
		{F6779C1C-FB0D-449F-8683-0788ADEB5675}.Trial|Any CPU.Build.0 = Trial|Any CPU
		{C71029A5-2643-4BE1-9781-C43566AEDF5B}.Debug|Any CPU.ActiveCfg = Debug|Any CPU
		{C71029A5-2643-4BE1-9781-C43566AEDF5B}.Debug|Any CPU.Build.0 = Debug|Any CPU
		{C71029A5-2643-4BE1-9781-C43566AEDF5B}.Release|Any CPU.ActiveCfg = Release|Any CPU
		{C71029A5-2643-4BE1-9781-C43566AEDF5B}.Release|Any CPU.Build.0 = Release|Any CPU
		{C71029A5-2643-4BE1-9781-C43566AEDF5B}.Trial|Any CPU.ActiveCfg = Release|Any CPU
		{C71029A5-2643-4BE1-9781-C43566AEDF5B}.Trial|Any CPU.Build.0 = Release|Any CPU
		{C7E37A89-B662-403C-97D6-AFA3012A2C2A}.Debug|Any CPU.ActiveCfg = Debug|Any CPU
		{C7E37A89-B662-403C-97D6-AFA3012A2C2A}.Debug|Any CPU.Build.0 = Debug|Any CPU
		{C7E37A89-B662-403C-97D6-AFA3012A2C2A}.Release|Any CPU.ActiveCfg = Release|Any CPU
		{C7E37A89-B662-403C-97D6-AFA3012A2C2A}.Release|Any CPU.Build.0 = Release|Any CPU
		{C7E37A89-B662-403C-97D6-AFA3012A2C2A}.Trial|Any CPU.ActiveCfg = Release|Any CPU
		{C7E37A89-B662-403C-97D6-AFA3012A2C2A}.Trial|Any CPU.Build.0 = Release|Any CPU
		{2E278758-FDCC-463F-B0A6-0F6737229647}.Debug|Any CPU.ActiveCfg = Debug|Any CPU
		{2E278758-FDCC-463F-B0A6-0F6737229647}.Debug|Any CPU.Build.0 = Debug|Any CPU
		{2E278758-FDCC-463F-B0A6-0F6737229647}.Release|Any CPU.ActiveCfg = Release|Any CPU
		{2E278758-FDCC-463F-B0A6-0F6737229647}.Release|Any CPU.Build.0 = Release|Any CPU
		{2E278758-FDCC-463F-B0A6-0F6737229647}.Trial|Any CPU.ActiveCfg = Release|Any CPU
		{2E278758-FDCC-463F-B0A6-0F6737229647}.Trial|Any CPU.Build.0 = Release|Any CPU
	EndGlobalSection
	GlobalSection(SolutionProperties) = preSolution
		HideSolutionNode = FALSE
	EndGlobalSection
EndGlobal
