
Microsoft Visual Studio Solution File, Format Version 11.00
# Visual C# Express 2010
Project("{FAE04EC0-301F-11D3-BF4B-00C04F79EFBC}") = "ConsoleApplication1", "ConsoleApplication1\ConsoleApplication1.csproj", "{0CD70FA1-D94A-4AEC-9863-D414DC5D1201}"
EndProject
Global
	GlobalSection(SolutionConfigurationPlatforms) = preSolution
		Debug|x86 = Debug|x86
		Release|x86 = Release|x86
	EndGlobalSection
	GlobalSection(ProjectConfigurationPlatforms) = postSolution
		{0CD70FA1-D94A-4AEC-9863-D414DC5D1201}.Debug|x86.ActiveCfg = Debug|x86
		{0CD70FA1-D94A-4AEC-9863-D414DC5D1201}.Debug|x86.Build.0 = Debug|x86
		{0CD70FA1-D94A-4AEC-9863-D414DC5D1201}.Release|x86.ActiveCfg = Release|x86
		{0CD70FA1-D94A-4AEC-9863-D414DC5D1201}.Release|x86.Build.0 = Release|x86
	EndGlobalSection
	GlobalSection(SolutionProperties) = preSolution
		HideSolutionNode = FALSE
	EndGlobalSection
EndGlobal
